
Microsoft Visual Studio Solution File, Format Version 12.00
# Visual Studio Version 16
VisualStudioVersion = 16.0.32228.343
MinimumVisualStudioVersion = 10.0.40219.1
Project("{2150E333-8FDC-42A3-9474-1A3956D46DE8}") = "Services", "Services", "{FC9077D8-403F-4B76-BE36-05A50558C2DE}"
EndProject
Project("{2150E333-8FDC-42A3-9474-1A3956D46DE8}") = "Catalog", "Catalog", "{C0B84207-99B4-424D-8CFE-D6DC8220B08D}"
EndProject
Project("{9A19103F-16F7-4668-BE54-9A1E7A4F7556}") = "Catalog.API", "Services\Catalog\Catalog.API\Catalog.API.csproj", "{1867BC13-B33B-437D-931F-CB2178EE0B9E}"
EndProject
Project("{2150E333-8FDC-42A3-9474-1A3956D46DE8}") = "Basket", "Basket", "{BA7EB66E-1F8D-4C00-83B1-B638FF0974EA}"
EndProject
Project("{9A19103F-16F7-4668-BE54-9A1E7A4F7556}") = "Basket.API", "Services\Basket\Basket.API\Basket.API.csproj", "{264A9B74-7116-47F8-A2F3-091989D6196D}"
EndProject
Project("{2150E333-8FDC-42A3-9474-1A3956D46DE8}") = "Discount", "Discount", "{1E9E363A-0BE6-4618-B506-916C28B64A33}"
EndProject
Project("{9A19103F-16F7-4668-BE54-9A1E7A4F7556}") = "Discount.API", "Services\Discount\Discount.API\Discount.API.csproj", "{A9876D43-BEEB-476F-999C-3DB8972C538B}"
EndProject
Project("{9A19103F-16F7-4668-BE54-9A1E7A4F7556}") = "Discount.Grpc", "Services\Discount\Discount.Grpc\Discount.Grpc.csproj", "{B6C0D9B2-4A09-46A3-BEE1-22872E238DDD}"
EndProject
Project("{E53339B2-1760-4266-BCC7-CA923CBCF16C}") = "docker-compose", "docker-compose.dcproj", "{F4237A09-DDDB-42B4-B811-5F88EC55DCA3}"
EndProject
Project("{2150E333-8FDC-42A3-9474-1A3956D46DE8}") = "Ordering", "Ordering", "{061F3783-B6A3-498E-9664-1B748B3B7615}"
EndProject
Project("{FAE04EC0-301F-11D3-BF4B-00C04F79EFBC}") = "Ordering.API", "Services\Ordering\Ordering.API\Ordering.API.csproj", "{E908CC62-350B-49EE-938A-628B725281FD}"
EndProject
Project("{FAE04EC0-301F-11D3-BF4B-00C04F79EFBC}") = "Ordering.Domain", "Services\Ordering\Ordering.Domain\Ordering.Domain.csproj", "{B5D73C16-054D-4117-A4A2-08F042AF8222}"
EndProject
Project("{FAE04EC0-301F-11D3-BF4B-00C04F79EFBC}") = "Ordering.Application", "Services\Ordering\Ordering.Application\Ordering.Application.csproj", "{C0CC2F38-0F43-4BF0-A64C-4A0512A30FE4}"
EndProject
Project("{FAE04EC0-301F-11D3-BF4B-00C04F79EFBC}") = "Ordering.Infrastructure", "Services\Ordering\Ordering.Infrastructure\Ordering.Infrastructure.csproj", "{58F94358-EBB1-4582-BB89-98AB787F2BF9}"
EndProject
Global
	GlobalSection(SolutionConfigurationPlatforms) = preSolution
		Debug|Any CPU = Debug|Any CPU
		Release|Any CPU = Release|Any CPU
	EndGlobalSection
	GlobalSection(ProjectConfigurationPlatforms) = postSolution
		{1867BC13-B33B-437D-931F-CB2178EE0B9E}.Debug|Any CPU.ActiveCfg = Debug|Any CPU
		{1867BC13-B33B-437D-931F-CB2178EE0B9E}.Debug|Any CPU.Build.0 = Debug|Any CPU
		{1867BC13-B33B-437D-931F-CB2178EE0B9E}.Release|Any CPU.ActiveCfg = Release|Any CPU
		{1867BC13-B33B-437D-931F-CB2178EE0B9E}.Release|Any CPU.Build.0 = Release|Any CPU
		{264A9B74-7116-47F8-A2F3-091989D6196D}.Debug|Any CPU.ActiveCfg = Debug|Any CPU
		{264A9B74-7116-47F8-A2F3-091989D6196D}.Debug|Any CPU.Build.0 = Debug|Any CPU
		{264A9B74-7116-47F8-A2F3-091989D6196D}.Release|Any CPU.ActiveCfg = Release|Any CPU
		{264A9B74-7116-47F8-A2F3-091989D6196D}.Release|Any CPU.Build.0 = Release|Any CPU
		{A9876D43-BEEB-476F-999C-3DB8972C538B}.Debug|Any CPU.ActiveCfg = Debug|Any CPU
		{A9876D43-BEEB-476F-999C-3DB8972C538B}.Debug|Any CPU.Build.0 = Debug|Any CPU
		{A9876D43-BEEB-476F-999C-3DB8972C538B}.Release|Any CPU.ActiveCfg = Release|Any CPU
		{A9876D43-BEEB-476F-999C-3DB8972C538B}.Release|Any CPU.Build.0 = Release|Any CPU
		{B6C0D9B2-4A09-46A3-BEE1-22872E238DDD}.Debug|Any CPU.ActiveCfg = Debug|Any CPU
		{B6C0D9B2-4A09-46A3-BEE1-22872E238DDD}.Debug|Any CPU.Build.0 = Debug|Any CPU
		{B6C0D9B2-4A09-46A3-BEE1-22872E238DDD}.Release|Any CPU.ActiveCfg = Release|Any CPU
		{B6C0D9B2-4A09-46A3-BEE1-22872E238DDD}.Release|Any CPU.Build.0 = Release|Any CPU
		{F4237A09-DDDB-42B4-B811-5F88EC55DCA3}.Debug|Any CPU.ActiveCfg = Debug|Any CPU
		{F4237A09-DDDB-42B4-B811-5F88EC55DCA3}.Debug|Any CPU.Build.0 = Debug|Any CPU
		{F4237A09-DDDB-42B4-B811-5F88EC55DCA3}.Release|Any CPU.ActiveCfg = Release|Any CPU
		{F4237A09-DDDB-42B4-B811-5F88EC55DCA3}.Release|Any CPU.Build.0 = Release|Any CPU
		{E908CC62-350B-49EE-938A-628B725281FD}.Debug|Any CPU.ActiveCfg = Debug|Any CPU
		{E908CC62-350B-49EE-938A-628B725281FD}.Debug|Any CPU.Build.0 = Debug|Any CPU
		{E908CC62-350B-49EE-938A-628B725281FD}.Release|Any CPU.ActiveCfg = Release|Any CPU
		{E908CC62-350B-49EE-938A-628B725281FD}.Release|Any CPU.Build.0 = Release|Any CPU
		{B5D73C16-054D-4117-A4A2-08F042AF8222}.Debug|Any CPU.ActiveCfg = Debug|Any CPU
		{B5D73C16-054D-4117-A4A2-08F042AF8222}.Debug|Any CPU.Build.0 = Debug|Any CPU
		{B5D73C16-054D-4117-A4A2-08F042AF8222}.Release|Any CPU.ActiveCfg = Release|Any CPU
		{B5D73C16-054D-4117-A4A2-08F042AF8222}.Release|Any CPU.Build.0 = Release|Any CPU
		{C0CC2F38-0F43-4BF0-A64C-4A0512A30FE4}.Debug|Any CPU.ActiveCfg = Debug|Any CPU
		{C0CC2F38-0F43-4BF0-A64C-4A0512A30FE4}.Debug|Any CPU.Build.0 = Debug|Any CPU
		{C0CC2F38-0F43-4BF0-A64C-4A0512A30FE4}.Release|Any CPU.ActiveCfg = Release|Any CPU
		{C0CC2F38-0F43-4BF0-A64C-4A0512A30FE4}.Release|Any CPU.Build.0 = Release|Any CPU
		{58F94358-EBB1-4582-BB89-98AB787F2BF9}.Debug|Any CPU.ActiveCfg = Debug|Any CPU
		{58F94358-EBB1-4582-BB89-98AB787F2BF9}.Debug|Any CPU.Build.0 = Debug|Any CPU
		{58F94358-EBB1-4582-BB89-98AB787F2BF9}.Release|Any CPU.ActiveCfg = Release|Any CPU
		{58F94358-EBB1-4582-BB89-98AB787F2BF9}.Release|Any CPU.Build.0 = Release|Any CPU
	EndGlobalSection
	GlobalSection(SolutionProperties) = preSolution
		HideSolutionNode = FALSE
	EndGlobalSection
	GlobalSection(NestedProjects) = preSolution
		{C0B84207-99B4-424D-8CFE-D6DC8220B08D} = {FC9077D8-403F-4B76-BE36-05A50558C2DE}
		{1867BC13-B33B-437D-931F-CB2178EE0B9E} = {C0B84207-99B4-424D-8CFE-D6DC8220B08D}
		{BA7EB66E-1F8D-4C00-83B1-B638FF0974EA} = {FC9077D8-403F-4B76-BE36-05A50558C2DE}
		{264A9B74-7116-47F8-A2F3-091989D6196D} = {BA7EB66E-1F8D-4C00-83B1-B638FF0974EA}
		{1E9E363A-0BE6-4618-B506-916C28B64A33} = {FC9077D8-403F-4B76-BE36-05A50558C2DE}
		{A9876D43-BEEB-476F-999C-3DB8972C538B} = {1E9E363A-0BE6-4618-B506-916C28B64A33}
		{B6C0D9B2-4A09-46A3-BEE1-22872E238DDD} = {1E9E363A-0BE6-4618-B506-916C28B64A33}
		{061F3783-B6A3-498E-9664-1B748B3B7615} = {FC9077D8-403F-4B76-BE36-05A50558C2DE}
		{E908CC62-350B-49EE-938A-628B725281FD} = {061F3783-B6A3-498E-9664-1B748B3B7615}
		{B5D73C16-054D-4117-A4A2-08F042AF8222} = {061F3783-B6A3-498E-9664-1B748B3B7615}
		{C0CC2F38-0F43-4BF0-A64C-4A0512A30FE4} = {061F3783-B6A3-498E-9664-1B748B3B7615}
		{58F94358-EBB1-4582-BB89-98AB787F2BF9} = {061F3783-B6A3-498E-9664-1B748B3B7615}
	EndGlobalSection
	GlobalSection(ExtensibilityGlobals) = postSolution
		SolutionGuid = {C9D4AC92-DFCB-4DC2-A03F-75F38FFAC975}
	EndGlobalSection
EndGlobal
